{
  "version": 4,
  "terraform_version": "1.0.1",
  "serial": 1,
  "lineage": "34290833-b5fe-a962-f893-de7524e0439a",
  "outputs": {},
  "resources": [
    {
      "mode": "managed",
      "type": "aws_ebs_volume",
      "name": "example",
      "provider": "provider[\"registry.terraform.io/hashicorp/aws\"]",
      "instances": [
        {
          "schema_version": 0,
          "attributes": {
            "arn": "arn:aws:ec2:ap-south-1:149417358945:volume/vol-068bad92a48d040a7",
            "availability_zone": "ap-south-1a",
            "encrypted": false,
            "id": "vol-068bad92a48d040a7",
            "iops": 100,
            "kms_key_id": "",
            "multi_attach_enabled": false,
            "outpost_arn": "",
            "size": 1,
            "snapshot_id": "",
            "tags": {
              "Name": "Terraform-Volume"
            },
            "tags_all": {
              "Name": "Terraform-Volume"
            },
            "throughput": 0,
            "type": "gp2"
          },
          "sensitive_attributes": [],
          "private": "bnVsbA=="
        }
      ]
    }
  ]
}
